
Microsoft Visual Studio Solution File, Format Version 12.00
# Visual Studio 15
VisualStudioVersion = 15.0.26124.0
MinimumVisualStudioVersion = 15.0.26124.0
Project("{FAE04EC0-301F-11D3-BF4B-00C04F79EFBC}") = "frontend", "frontend\frontend.csproj", "{5FE858DF-7CDC-4352-923E-ABC6DDFAFEE7}"
EndProject
Project("{FAE04EC0-301F-11D3-BF4B-00C04F79EFBC}") = "backend", "backend\backend.csproj", "{3223BFB8-CE1A-4711-8FBE-8F422A86292D}"
EndProject
Global
	GlobalSection(SolutionConfigurationPlatforms) = preSolution
		Debug|Any CPU = Debug|Any CPU
		Debug|x64 = Debug|x64
		Debug|x86 = Debug|x86
		Release|Any CPU = Release|Any CPU
		Release|x64 = Release|x64
		Release|x86 = Release|x86
	EndGlobalSection
	GlobalSection(SolutionProperties) = preSolution
		HideSolutionNode = FALSE
	EndGlobalSection
	GlobalSection(ProjectConfigurationPlatforms) = postSolution
		{5FE858DF-7CDC-4352-923E-ABC6DDFAFEE7}.Debug|Any CPU.ActiveCfg = Debug|Any CPU
		{5FE858DF-7CDC-4352-923E-ABC6DDFAFEE7}.Debug|Any CPU.Build.0 = Debug|Any CPU
		{5FE858DF-7CDC-4352-923E-ABC6DDFAFEE7}.Debug|x64.ActiveCfg = Debug|Any CPU
		{5FE858DF-7CDC-4352-923E-ABC6DDFAFEE7}.Debug|x64.Build.0 = Debug|Any CPU
		{5FE858DF-7CDC-4352-923E-ABC6DDFAFEE7}.Debug|x86.ActiveCfg = Debug|Any CPU
		{5FE858DF-7CDC-4352-923E-ABC6DDFAFEE7}.Debug|x86.Build.0 = Debug|Any CPU
		{5FE858DF-7CDC-4352-923E-ABC6DDFAFEE7}.Release|Any CPU.ActiveCfg = Release|Any CPU
		{5FE858DF-7CDC-4352-923E-ABC6DDFAFEE7}.Release|Any CPU.Build.0 = Release|Any CPU
		{5FE858DF-7CDC-4352-923E-ABC6DDFAFEE7}.Release|x64.ActiveCfg = Release|Any CPU
		{5FE858DF-7CDC-4352-923E-ABC6DDFAFEE7}.Release|x64.Build.0 = Release|Any CPU
		{5FE858DF-7CDC-4352-923E-ABC6DDFAFEE7}.Release|x86.ActiveCfg = Release|Any CPU
		{5FE858DF-7CDC-4352-923E-ABC6DDFAFEE7}.Release|x86.Build.0 = Release|Any CPU
		{3223BFB8-CE1A-4711-8FBE-8F422A86292D}.Debug|Any CPU.ActiveCfg = Debug|Any CPU
		{3223BFB8-CE1A-4711-8FBE-8F422A86292D}.Debug|Any CPU.Build.0 = Debug|Any CPU
		{3223BFB8-CE1A-4711-8FBE-8F422A86292D}.Debug|x64.ActiveCfg = Debug|Any CPU
		{3223BFB8-CE1A-4711-8FBE-8F422A86292D}.Debug|x64.Build.0 = Debug|Any CPU
		{3223BFB8-CE1A-4711-8FBE-8F422A86292D}.Debug|x86.ActiveCfg = Debug|Any CPU
		{3223BFB8-CE1A-4711-8FBE-8F422A86292D}.Debug|x86.Build.0 = Debug|Any CPU
		{3223BFB8-CE1A-4711-8FBE-8F422A86292D}.Release|Any CPU.ActiveCfg = Release|Any CPU
		{3223BFB8-CE1A-4711-8FBE-8F422A86292D}.Release|Any CPU.Build.0 = Release|Any CPU
		{3223BFB8-CE1A-4711-8FBE-8F422A86292D}.Release|x64.ActiveCfg = Release|Any CPU
		{3223BFB8-CE1A-4711-8FBE-8F422A86292D}.Release|x64.Build.0 = Release|Any CPU
		{3223BFB8-CE1A-4711-8FBE-8F422A86292D}.Release|x86.ActiveCfg = Release|Any CPU
		{3223BFB8-CE1A-4711-8FBE-8F422A86292D}.Release|x86.Build.0 = Release|Any CPU
	EndGlobalSection
EndGlobal
